// !$*UTF8*$!
{
	archiveVersion = 1;
	classes = {
	};
	objectVersion = 56;
	objects = {

/* Begin PBXBuildFile section */
		DD2614C62C88B2BA0053632E /* BikeRackAppApp.swift in Sources */ = {isa = PBXBuildFile; fileRef = DD2614C52C88B2BA0053632E /* BikeRackAppApp.swift */; };
		DD2614C82C88B2BA0053632E /* ContentView.swift in Sources */ = {isa = PBXBuildFile; fileRef = DD2614C72C88B2BA0053632E /* ContentView.swift */; };
		DD2614CD2C88B2BB0053632E /* Preview Assets.xcassets in Resources */ = {isa = PBXBuildFile; fileRef = DD2614CC2C88B2BB0053632E /* Preview Assets.xcassets */; };
		DD2614D42C88B3F50053632E /* Assets.xcassets in Resources */ = {isa = PBXBuildFile; fileRef = DD2614D32C88B3F50053632E /* Assets.xcassets */; };
		DD2614D92C88B6420053632E /* Location.swift in Sources */ = {isa = PBXBuildFile; fileRef = DD2614D82C88B6420053632E /* Location.swift */; };
		DD2614DC2C88B7620053632E /* LocationsDataService.swift in Sources */ = {isa = PBXBuildFile; fileRef = DD2614DB2C88B7620053632E /* LocationsDataService.swift */; };
		DD2614DE2C88B9940053632E /* LocationsView.swift in Sources */ = {isa = PBXBuildFile; fileRef = DD2614DD2C88B9940053632E /* LocationsView.swift */; };
		DD2614E02C88C8A50053632E /* LocationsViewModel.swift in Sources */ = {isa = PBXBuildFile; fileRef = DD2614DF2C88C8A50053632E /* LocationsViewModel.swift */; };
		DD2614E22C88D3990053632E /* LocationsListView.swift in Sources */ = {isa = PBXBuildFile; fileRef = DD2614E12C88D3990053632E /* LocationsListView.swift */; };
		DD2614E42C88DCE60053632E /* LocationPreviewView.swift in Sources */ = {isa = PBXBuildFile; fileRef = DD2614E32C88DCE60053632E /* LocationPreviewView.swift */; };
		DDDB7DA42C8A0D1C005257C8 /* LocationMapAnnotationView.swift in Sources */ = {isa = PBXBuildFile; fileRef = DDDB7DA32C8A0D1C005257C8 /* LocationMapAnnotationView.swift */; };
		DDDB7DA62C8A184D005257C8 /* LocationDetailView.swift in Sources */ = {isa = PBXBuildFile; fileRef = DDDB7DA52C8A184D005257C8 /* LocationDetailView.swift */; };
/* End PBXBuildFile section */

/* Begin PBXFileReference section */
		DD2614C22C88B2BA0053632E /* BikeRackApp.app */ = {isa = PBXFileReference; explicitFileType = wrapper.application; includeInIndex = 0; path = BikeRackApp.app; sourceTree = BUILT_PRODUCTS_DIR; };
		DD2614C52C88B2BA0053632E /* BikeRackAppApp.swift */ = {isa = PBXFileReference; lastKnownFileType = sourcecode.swift; path = BikeRackAppApp.swift; sourceTree = "<group>"; };
		DD2614C72C88B2BA0053632E /* ContentView.swift */ = {isa = PBXFileReference; lastKnownFileType = sourcecode.swift; path = ContentView.swift; sourceTree = "<group>"; };
		DD2614CC2C88B2BB0053632E /* Preview Assets.xcassets */ = {isa = PBXFileReference; lastKnownFileType = folder.assetcatalog; path = "Preview Assets.xcassets"; sourceTree = "<group>"; };
		DD2614D32C88B3F50053632E /* Assets.xcassets */ = {isa = PBXFileReference; lastKnownFileType = folder.assetcatalog; path = Assets.xcassets; sourceTree = "<group>"; };
		DD2614D82C88B6420053632E /* Location.swift */ = {isa = PBXFileReference; lastKnownFileType = sourcecode.swift; path = Location.swift; sourceTree = "<group>"; };
		DD2614DB2C88B7620053632E /* LocationsDataService.swift */ = {isa = PBXFileReference; fileEncoding = 4; lastKnownFileType = sourcecode.swift; path = LocationsDataService.swift; sourceTree = "<group>"; };
		DD2614DD2C88B9940053632E /* LocationsView.swift */ = {isa = PBXFileReference; lastKnownFileType = sourcecode.swift; path = LocationsView.swift; sourceTree = "<group>"; };
		DD2614DF2C88C8A50053632E /* LocationsViewModel.swift */ = {isa = PBXFileReference; lastKnownFileType = sourcecode.swift; path = LocationsViewModel.swift; sourceTree = "<group>"; };
		DD2614E12C88D3990053632E /* LocationsListView.swift */ = {isa = PBXFileReference; lastKnownFileType = sourcecode.swift; path = LocationsListView.swift; sourceTree = "<group>"; };
		DD2614E32C88DCE60053632E /* LocationPreviewView.swift */ = {isa = PBXFileReference; lastKnownFileType = sourcecode.swift; path = LocationPreviewView.swift; sourceTree = "<group>"; };
		DDDB7DA32C8A0D1C005257C8 /* LocationMapAnnotationView.swift */ = {isa = PBXFileReference; lastKnownFileType = sourcecode.swift; path = LocationMapAnnotationView.swift; sourceTree = "<group>"; };
		DDDB7DA52C8A184D005257C8 /* LocationDetailView.swift */ = {isa = PBXFileReference; lastKnownFileType = sourcecode.swift; path = LocationDetailView.swift; sourceTree = "<group>"; };
/* End PBXFileReference section */

/* Begin PBXFrameworksBuildPhase section */
		DD2614BF2C88B2BA0053632E /* Frameworks */ = {
			isa = PBXFrameworksBuildPhase;
			buildActionMask = 2147483647;
			files = (
			);
			runOnlyForDeploymentPostprocessing = 0;
		};
/* End PBXFrameworksBuildPhase section */

/* Begin PBXGroup section */
		DD2614B92C88B2BA0053632E = {
			isa = PBXGroup;
			children = (
				DD2614C42C88B2BA0053632E /* BikeRackApp */,
				DD2614C32C88B2BA0053632E /* Products */,
			);
			sourceTree = "<group>";
		};
		DD2614C32C88B2BA0053632E /* Products */ = {
			isa = PBXGroup;
			children = (
				DD2614C22C88B2BA0053632E /* BikeRackApp.app */,
			);
			name = Products;
			sourceTree = "<group>";
		};
		DD2614C42C88B2BA0053632E /* BikeRackApp */ = {
			isa = PBXGroup;
			children = (
				DD2614C52C88B2BA0053632E /* BikeRackAppApp.swift */,
				DD2614C72C88B2BA0053632E /* ContentView.swift */,
				DD2614D32C88B3F50053632E /* Assets.xcassets */,
				DD2614DA2C88B7470053632E /* DataServices */,
				DD2614D52C88B60E0053632E /* Models */,
				DD2614CB2C88B2BB0053632E /* Preview Content */,
				DD2614D72C88B6180053632E /* ViewModels */,
				DD2614D62C88B6120053632E /* Views */,
			);
			path = BikeRackApp;
			sourceTree = "<group>";
		};
		DD2614CB2C88B2BB0053632E /* Preview Content */ = {
			isa = PBXGroup;
			children = (
				DD2614CC2C88B2BB0053632E /* Preview Assets.xcassets */,
			);
			path = "Preview Content";
			sourceTree = "<group>";
		};
		DD2614D52C88B60E0053632E /* Models */ = {
			isa = PBXGroup;
			children = (
				DD2614D82C88B6420053632E /* Location.swift */,
			);
			path = Models;
			sourceTree = "<group>";
		};
		DD2614D62C88B6120053632E /* Views */ = {
			isa = PBXGroup;
			children = (
				DD2614DD2C88B9940053632E /* LocationsView.swift */,
				DD2614E12C88D3990053632E /* LocationsListView.swift */,
				DD2614E32C88DCE60053632E /* LocationPreviewView.swift */,
				DDDB7DA32C8A0D1C005257C8 /* LocationMapAnnotationView.swift */,
				DDDB7DA52C8A184D005257C8 /* LocationDetailView.swift */,
			);
			path = Views;
			sourceTree = "<group>";
		};
		DD2614D72C88B6180053632E /* ViewModels */ = {
			isa = PBXGroup;
			children = (
				DD2614DF2C88C8A50053632E /* LocationsViewModel.swift */,
			);
			path = ViewModels;
			sourceTree = "<group>";
		};
		DD2614DA2C88B7470053632E /* DataServices */ = {
			isa = PBXGroup;
			children = (
				DD2614DB2C88B7620053632E /* LocationsDataService.swift */,
			);
			path = DataServices;
			sourceTree = "<group>";
		};
/* End PBXGroup section */

/* Begin PBXNativeTarget section */
		DD2614C12C88B2BA0053632E /* BikeRackApp */ = {
			isa = PBXNativeTarget;
			buildConfigurationList = DD2614D02C88B2BB0053632E /* Build configuration list for PBXNativeTarget "BikeRackApp" */;
			buildPhases = (
				DD2614BE2C88B2BA0053632E /* Sources */,
				DD2614BF2C88B2BA0053632E /* Frameworks */,
				DD2614C02C88B2BA0053632E /* Resources */,
			);
			buildRules = (
			);
			dependencies = (
			);
			name = BikeRackApp;
			productName = BikeRackApp;
			productReference = DD2614C22C88B2BA0053632E /* BikeRackApp.app */;
			productType = "com.apple.product-type.application";
		};
/* End PBXNativeTarget section */

/* Begin PBXProject section */
		DD2614BA2C88B2BA0053632E /* Project object */ = {
			isa = PBXProject;
			attributes = {
				BuildIndependentTargetsInParallel = 1;
				LastSwiftUpdateCheck = 1540;
				LastUpgradeCheck = 1540;
				TargetAttributes = {
					DD2614C12C88B2BA0053632E = {
						CreatedOnToolsVersion = 15.4;
					};
				};
			};
			buildConfigurationList = DD2614BD2C88B2BA0053632E /* Build configuration list for PBXProject "BikeRackApp" */;
			compatibilityVersion = "Xcode 14.0";
			developmentRegion = en;
			hasScannedForEncodings = 0;
			knownRegions = (
				en,
				Base,
			);
			mainGroup = DD2614B92C88B2BA0053632E;
			productRefGroup = DD2614C32C88B2BA0053632E /* Products */;
			projectDirPath = "";
			projectRoot = "";
			targets = (
				DD2614C12C88B2BA0053632E /* BikeRackApp */,
			);
		};
/* End PBXProject section */

/* Begin PBXResourcesBuildPhase section */
		DD2614C02C88B2BA0053632E /* Resources */ = {
			isa = PBXResourcesBuildPhase;
			buildActionMask = 2147483647;
			files = (
				DD2614D42C88B3F50053632E /* Assets.xcassets in Resources */,
				DD2614CD2C88B2BB0053632E /* Preview Assets.xcassets in Resources */,
			);
			runOnlyForDeploymentPostprocessing = 0;
		};
/* End PBXResourcesBuildPhase section */

/* Begin PBXSourcesBuildPhase section */
		DD2614BE2C88B2BA0053632E /* Sources */ = {
			isa = PBXSourcesBuildPhase;
			buildActionMask = 2147483647;
			files = (
				DD2614DC2C88B7620053632E /* LocationsDataService.swift in Sources */,
				DDDB7DA42C8A0D1C005257C8 /* LocationMapAnnotationView.swift in Sources */,
				DD2614E22C88D3990053632E /* LocationsListView.swift in Sources */,
				DD2614E42C88DCE60053632E /* LocationPreviewView.swift in Sources */,
				DD2614E02C88C8A50053632E /* LocationsViewModel.swift in Sources */,
				DD2614C82C88B2BA0053632E /* ContentView.swift in Sources */,
				DD2614DE2C88B9940053632E /* LocationsView.swift in Sources */,
				DD2614D92C88B6420053632E /* Location.swift in Sources */,
				DDDB7DA62C8A184D005257C8 /* LocationDetailView.swift in Sources */,
				DD2614C62C88B2BA0053632E /* BikeRackAppApp.swift in Sources */,
			);
			runOnlyForDeploymentPostprocessing = 0;
		};
/* End PBXSourcesBuildPhase section */

/* Begin XCBuildConfiguration section */
		DD2614CE2C88B2BB0053632E /* Debug */ = {
			isa = XCBuildConfiguration;
			buildSettings = {
				ALWAYS_SEARCH_USER_PATHS = NO;
				ASSETCATALOG_COMPILER_GENERATE_SWIFT_ASSET_SYMBOL_EXTENSIONS = YES;
				CLANG_ANALYZER_NONNULL = YES;
				CLANG_ANALYZER_NUMBER_OBJECT_CONVERSION = YES_AGGRESSIVE;
				CLANG_CXX_LANGUAGE_STANDARD = "gnu++20";
				CLANG_ENABLE_MODULES = YES;
				CLANG_ENABLE_OBJC_ARC = YES;
				CLANG_ENABLE_OBJC_WEAK = YES;
				CLANG_WARN_BLOCK_CAPTURE_AUTORELEASING = YES;
				CLANG_WARN_BOOL_CONVERSION = YES;
				CLANG_WARN_COMMA = YES;
				CLANG_WARN_CONSTANT_CONVERSION = YES;
				CLANG_WARN_DEPRECATED_OBJC_IMPLEMENTATIONS = YES;
				CLANG_WARN_DIRECT_OBJC_ISA_USAGE = YES_ERROR;
				CLANG_WARN_DOCUMENTATION_COMMENTS = YES;
				CLANG_WARN_EMPTY_BODY = YES;
				CLANG_WARN_ENUM_CONVERSION = YES;
				CLANG_WARN_INFINITE_RECURSION = YES;
				CLANG_WARN_INT_CONVERSION = YES;
				CLANG_WARN_NON_LITERAL_NULL_CONVERSION = YES;
				CLANG_WARN_OBJC_IMPLICIT_RETAIN_SELF = YES;
				CLANG_WARN_OBJC_LITERAL_CONVERSION = YES;
				CLANG_WARN_OBJC_ROOT_CLASS = YES_ERROR;
				CLANG_WARN_QUOTED_INCLUDE_IN_FRAMEWORK_HEADER = YES;
				CLANG_WARN_RANGE_LOOP_ANALYSIS = YES;
				CLANG_WARN_STRICT_PROTOTYPES = YES;
				CLANG_WARN_SUSPICIOUS_MOVE = YES;
				CLANG_WARN_UNGUARDED_AVAILABILITY = YES_AGGRESSIVE;
				CLANG_WARN_UNREACHABLE_CODE = YES;
				CLANG_WARN__DUPLICATE_METHOD_MATCH = YES;
				COPY_PHASE_STRIP = NO;
				DEBUG_INFORMATION_FORMAT = dwarf;
				ENABLE_STRICT_OBJC_MSGSEND = YES;
				ENABLE_TESTABILITY = YES;
				ENABLE_USER_SCRIPT_SANDBOXING = YES;
				GCC_C_LANGUAGE_STANDARD = gnu17;
				GCC_DYNAMIC_NO_PIC = NO;
				GCC_NO_COMMON_BLOCKS = YES;
				GCC_OPTIMIZATION_LEVEL = 0;
				GCC_PREPROCESSOR_DEFINITIONS = (
					"DEBUG=1",
					"$(inherited)",
				);
				GCC_WARN_64_TO_32_BIT_CONVERSION = YES;
				GCC_WARN_ABOUT_RETURN_TYPE = YES_ERROR;
				GCC_WARN_UNDECLARED_SELECTOR = YES;
				GCC_WARN_UNINITIALIZED_AUTOS = YES_AGGRESSIVE;
				GCC_WARN_UNUSED_FUNCTION = YES;
				GCC_WARN_UNUSED_VARIABLE = YES;
				IPHONEOS_DEPLOYMENT_TARGET = 17.5;
				LOCALIZATION_PREFERS_STRING_CATALOGS = YES;
				MTL_ENABLE_DEBUG_INFO = INCLUDE_SOURCE;
				MTL_FAST_MATH = YES;
				ONLY_ACTIVE_ARCH = YES;
				SDKROOT = iphoneos;
				SWIFT_ACTIVE_COMPILATION_CONDITIONS = "DEBUG $(inherited)";
				SWIFT_OPTIMIZATION_LEVEL = "-Onone";
			};
			name = Debug;
		};
		DD2614CF2C88B2BB0053632E /* Release */ = {
			isa = XCBuildConfiguration;
			buildSettings = {
				ALWAYS_SEARCH_USER_PATHS = NO;
				ASSETCATALOG_COMPILER_GENERATE_SWIFT_ASSET_SYMBOL_EXTENSIONS = YES;
				CLANG_ANALYZER_NONNULL = YES;
				CLANG_ANALYZER_NUMBER_OBJECT_CONVERSION = YES_AGGRESSIVE;
				CLANG_CXX_LANGUAGE_STANDARD = "gnu++20";
				CLANG_ENABLE_MODULES = YES;
				CLANG_ENABLE_OBJC_ARC = YES;
				CLANG_ENABLE_OBJC_WEAK = YES;
				CLANG_WARN_BLOCK_CAPTURE_AUTORELEASING = YES;
				CLANG_WARN_BOOL_CONVERSION = YES;
				CLANG_WARN_COMMA = YES;
				CLANG_WARN_CONSTANT_CONVERSION = YES;
				CLANG_WARN_DEPRECATED_OBJC_IMPLEMENTATIONS = YES;
				CLANG_WARN_DIRECT_OBJC_ISA_USAGE = YES_ERROR;
				CLANG_WARN_DOCUMENTATION_COMMENTS = YES;
				CLANG_WARN_EMPTY_BODY = YES;
				CLANG_WARN_ENUM_CONVERSION = YES;
				CLANG_WARN_INFINITE_RECURSION = YES;
				CLANG_WARN_INT_CONVERSION = YES;
				CLANG_WARN_NON_LITERAL_NULL_CONVERSION = YES;
				CLANG_WARN_OBJC_IMPLICIT_RETAIN_SELF = YES;
				CLANG_WARN_OBJC_LITERAL_CONVERSION = YES;
				CLANG_WARN_OBJC_ROOT_CLASS = YES_ERROR;
				CLANG_WARN_QUOTED_INCLUDE_IN_FRAMEWORK_HEADER = YES;
				CLANG_WARN_RANGE_LOOP_ANALYSIS = YES;
				CLANG_WARN_STRICT_PROTOTYPES = YES;
				CLANG_WARN_SUSPICIOUS_MOVE = YES;
				CLANG_WARN_UNGUARDED_AVAILABILITY = YES_AGGRESSIVE;
				CLANG_WARN_UNREACHABLE_CODE = YES;
				CLANG_WARN__DUPLICATE_METHOD_MATCH = YES;
				COPY_PHASE_STRIP = NO;
				DEBUG_INFORMATION_FORMAT = "dwarf-with-dsym";
				ENABLE_NS_ASSERTIONS = NO;
				ENABLE_STRICT_OBJC_MSGSEND = YES;
				ENABLE_USER_SCRIPT_SANDBOXING = YES;
				GCC_C_LANGUAGE_STANDARD = gnu17;
				GCC_NO_COMMON_BLOCKS = YES;
				GCC_WARN_64_TO_32_BIT_CONVERSION = YES;
				GCC_WARN_ABOUT_RETURN_TYPE = YES_ERROR;
				GCC_WARN_UNDECLARED_SELECTOR = YES;
				GCC_WARN_UNINITIALIZED_AUTOS = YES_AGGRESSIVE;
				GCC_WARN_UNUSED_FUNCTION = YES;
				GCC_WARN_UNUSED_VARIABLE = YES;
				IPHONEOS_DEPLOYMENT_TARGET = 17.5;
				LOCALIZATION_PREFERS_STRING_CATALOGS = YES;
				MTL_ENABLE_DEBUG_INFO = NO;
				MTL_FAST_MATH = YES;
				SDKROOT = iphoneos;
				SWIFT_COMPILATION_MODE = wholemodule;
				VALIDATE_PRODUCT = YES;
			};
			name = Release;
		};
		DD2614D12C88B2BB0053632E /* Debug */ = {
			isa = XCBuildConfiguration;
			buildSettings = {
				ASSETCATALOG_COMPILER_APPICON_NAME = AppIcon;
				ASSETCATALOG_COMPILER_GLOBAL_ACCENT_COLOR_NAME = AccentColor;
				CODE_SIGN_STYLE = Automatic;
				CURRENT_PROJECT_VERSION = 1;
				DEVELOPMENT_ASSET_PATHS = "\"BikeRackApp/Preview Content\"";
				ENABLE_PREVIEWS = YES;
				GENERATE_INFOPLIST_FILE = YES;
				INFOPLIST_KEY_UIApplicationSceneManifest_Generation = YES;
				INFOPLIST_KEY_UIApplicationSupportsIndirectInputEvents = YES;
				INFOPLIST_KEY_UILaunchScreen_Generation = YES;
				INFOPLIST_KEY_UISupportedInterfaceOrientations_iPad = "UIInterfaceOrientationPortrait UIInterfaceOrientationPortraitUpsideDown UIInterfaceOrientationLandscapeLeft UIInterfaceOrientationLandscapeRight";
				INFOPLIST_KEY_UISupportedInterfaceOrientations_iPhone = "UIInterfaceOrientationPortrait UIInterfaceOrientationLandscapeLeft UIInterfaceOrientationLandscapeRight";
				LD_RUNPATH_SEARCH_PATHS = (
					"$(inherited)",
					"@executable_path/Frameworks",
				);
				MARKETING_VERSION = 1.0;
				PRODUCT_BUNDLE_IDENTIFIER = name.aidanfrederick.BikeRackApp;
				PRODUCT_NAME = "$(TARGET_NAME)";
				SWIFT_EMIT_LOC_STRINGS = YES;
				SWIFT_VERSION = 5.0;
				TARGETED_DEVICE_FAMILY = "1,2";
			};
			name = Debug;
		};
		DD2614D22C88B2BB0053632E /* Release */ = {
			isa = XCBuildConfiguration;
			buildSettings = {
				ASSETCATALOG_COMPILER_APPICON_NAME = AppIcon;
				ASSETCATALOG_COMPILER_GLOBAL_ACCENT_COLOR_NAME = AccentColor;
				CODE_SIGN_STYLE = Automatic;
				CURRENT_PROJECT_VERSION = 1;
				DEVELOPMENT_ASSET_PATHS = "\"BikeRackApp/Preview Content\"";
				ENABLE_PREVIEWS = YES;
				GENERATE_INFOPLIST_FILE = YES;
				INFOPLIST_KEY_UIApplicationSceneManifest_Generation = YES;
				INFOPLIST_KEY_UIApplicationSupportsIndirectInputEvents = YES;
				INFOPLIST_KEY_UILaunchScreen_Generation = YES;
				INFOPLIST_KEY_UISupportedInterfaceOrientations_iPad = "UIInterfaceOrientationPortrait UIInterfaceOrientationPortraitUpsideDown UIInterfaceOrientationLandscapeLeft UIInterfaceOrientationLandscapeRight";
				INFOPLIST_KEY_UISupportedInterfaceOrientations_iPhone = "UIInterfaceOrientationPortrait UIInterfaceOrientationLandscapeLeft UIInterfaceOrientationLandscapeRight";
				LD_RUNPATH_SEARCH_PATHS = (
					"$(inherited)",
					"@executable_path/Frameworks",
				);
				MARKETING_VERSION = 1.0;
				PRODUCT_BUNDLE_IDENTIFIER = name.aidanfrederick.BikeRackApp;
				PRODUCT_NAME = "$(TARGET_NAME)";
				SWIFT_EMIT_LOC_STRINGS = YES;
				SWIFT_VERSION = 5.0;
				TARGETED_DEVICE_FAMILY = "1,2";
			};
			name = Release;
		};
/* End XCBuildConfiguration section */

/* Begin XCConfigurationList section */
		DD2614BD2C88B2BA0053632E /* Build configuration list for PBXProject "BikeRackApp" */ = {
			isa = XCConfigurationList;
			buildConfigurations = (
				DD2614CE2C88B2BB0053632E /* Debug */,
				DD2614CF2C88B2BB0053632E /* Release */,
			);
			defaultConfigurationIsVisible = 0;
			defaultConfigurationName = Release;
		};
		DD2614D02C88B2BB0053632E /* Build configuration list for PBXNativeTarget "BikeRackApp" */ = {
			isa = XCConfigurationList;
			buildConfigurations = (
				DD2614D12C88B2BB0053632E /* Debug */,
				DD2614D22C88B2BB0053632E /* Release */,
			);
			defaultConfigurationIsVisible = 0;
			defaultConfigurationName = Release;
		};
/* End XCConfigurationList section */
	};
	rootObject = DD2614BA2C88B2BA0053632E /* Project object */;
}
